
Microsoft Visual Studio Solution File, Format Version 12.00
# Visual Studio Version 16
VisualStudioVersion = 16.0.31729.503
MinimumVisualStudioVersion = 10.0.40219.1
Project("{8BC9CEB8-8B4A-11D0-8D11-00A0C91BC942}") = "Lab8.1 iter", "Lab8.1 iter\Lab8.1 iter.vcxproj", "{80DEC2B1-1921-488A-B6DD-6957EC96F8DB}"
EndProject
Project("{8BC9CEB8-8B4A-11D0-8D11-00A0C91BC942}") = "UnitTest8.1 iter", "UnitTest8.1 iter\UnitTest8.1 iter.vcxproj", "{69C44D55-201A-4FFB-B0D0-9DE4EFB0DEDE}"
EndProject
Global
	GlobalSection(SolutionConfigurationPlatforms) = preSolution
		Debug|x64 = Debug|x64
		Debug|x86 = Debug|x86
		Release|x64 = Release|x64
		Release|x86 = Release|x86
	EndGlobalSection
	GlobalSection(ProjectConfigurationPlatforms) = postSolution
		{80DEC2B1-1921-488A-B6DD-6957EC96F8DB}.Debug|x64.ActiveCfg = Debug|x64
		{80DEC2B1-1921-488A-B6DD-6957EC96F8DB}.Debug|x64.Build.0 = Debug|x64
		{80DEC2B1-1921-488A-B6DD-6957EC96F8DB}.Debug|x86.ActiveCfg = Debug|Win32
		{80DEC2B1-1921-488A-B6DD-6957EC96F8DB}.Debug|x86.Build.0 = Debug|Win32
		{80DEC2B1-1921-488A-B6DD-6957EC96F8DB}.Release|x64.ActiveCfg = Release|x64
		{80DEC2B1-1921-488A-B6DD-6957EC96F8DB}.Release|x64.Build.0 = Release|x64
		{80DEC2B1-1921-488A-B6DD-6957EC96F8DB}.Release|x86.ActiveCfg = Release|Win32
		{80DEC2B1-1921-488A-B6DD-6957EC96F8DB}.Release|x86.Build.0 = Release|Win32
		{69C44D55-201A-4FFB-B0D0-9DE4EFB0DEDE}.Debug|x64.ActiveCfg = Debug|x64
		{69C44D55-201A-4FFB-B0D0-9DE4EFB0DEDE}.Debug|x64.Build.0 = Debug|x64
		{69C44D55-201A-4FFB-B0D0-9DE4EFB0DEDE}.Debug|x86.ActiveCfg = Debug|Win32
		{69C44D55-201A-4FFB-B0D0-9DE4EFB0DEDE}.Debug|x86.Build.0 = Debug|Win32
		{69C44D55-201A-4FFB-B0D0-9DE4EFB0DEDE}.Release|x64.ActiveCfg = Release|x64
		{69C44D55-201A-4FFB-B0D0-9DE4EFB0DEDE}.Release|x64.Build.0 = Release|x64
		{69C44D55-201A-4FFB-B0D0-9DE4EFB0DEDE}.Release|x86.ActiveCfg = Release|Win32
		{69C44D55-201A-4FFB-B0D0-9DE4EFB0DEDE}.Release|x86.Build.0 = Release|Win32
	EndGlobalSection
	GlobalSection(SolutionProperties) = preSolution
		HideSolutionNode = FALSE
	EndGlobalSection
	GlobalSection(ExtensibilityGlobals) = postSolution
		SolutionGuid = {12969CE7-F078-403A-A251-60E52B7E8C95}
	EndGlobalSection
EndGlobal
